{
  "name": "xlogin",
  "lockfileVersion": 3,
  "requires": true,
  "packages": {
    "": {
      "devDependencies": {
        "@cloudflare/workers-types": "^4.20250124.3"
      }
    },
    "node_modules/@cloudflare/workers-types": {
      "version": "4.20250417.0",
      "resolved": "https://registry.npmjs.org/@cloudflare/workers-types/-/workers-types-4.20250417.0.tgz",
      "integrity": "sha512-YsLXtMc1DezXW2x1KTiB7Hgqy9M4d2tbdohSO98npc208ZWD5W0UNjr6ej7sh5/jgqptIcP5jV4Czh+mpPYhcQ==",
      "dev": true,
      "license": "MIT OR Apache-2.0"
    }
  }
}
